
Microsoft Visual Studio Solution File, Format Version 12.00
# Visual Studio Version 17
VisualStudioVersion = 17.11.35303.130
MinimumVisualStudioVersion = 10.0.40219.1
Project("{2150E333-8FDC-42A3-9474-1A3956D46DE8}") = "01-Intro", "01-Intro", "{8D5C3FA6-CD33-45BA-A6C9-3F5BEE93A528}"
	ProjectSection(SolutionItems) = preProject
		01-Intro\intro.html = 01-Intro\intro.html
		01-Intro\lists.html = 01-Intro\lists.html
		01-Intro\style.css = 01-Intro\style.css
	EndProjectSection
EndProject
Project("{2150E333-8FDC-42A3-9474-1A3956D46DE8}") = "02-CSS", "02-CSS", "{E904AF41-B558-4467-A012-11DDA4BB0CE4}"
	ProjectSection(SolutionItems) = preProject
		02-CSS\index.html = 02-CSS\index.html
		02-CSS\style.css = 02-CSS\style.css
	EndProjectSection
EndProject
Project("{2150E333-8FDC-42A3-9474-1A3956D46DE8}") = "The Periodic Table", "The Periodic Table", "{751F1FED-FB3A-456B-B152-738C1A650E3A}"
	ProjectSection(SolutionItems) = preProject
		The Periodic Table\main.html = The Periodic Table\main.html
		The Periodic Table\style.css = The Periodic Table\style.css
	EndProjectSection
EndProject
Project("{2150E333-8FDC-42A3-9474-1A3956D46DE8}") = "03-Forms", "03-Forms", "{9E512FA5-EA75-4264-BF4E-89A444F77651}"
EndProject
Global
	GlobalSection(SolutionProperties) = preSolution
		HideSolutionNode = FALSE
	EndGlobalSection
	GlobalSection(ExtensibilityGlobals) = postSolution
		SolutionGuid = {012AAC6F-4EE9-4B75-8856-671E0E99033C}
	EndGlobalSection
EndGlobal
